<?xml version="1.0" encoding="utf-8"?>
<Project xmlns="http://schemas.microsoft.com/developer/msbuild/2003">
  <ItemGroup>
    <Filter Include="Form Files">
      <UniqueIdentifier>{99349809-55BA-4b9d-BF79-8FDBB0286EB3}</UniqueIdentifier>
      <Extensions>ui</Extensions>
      <ParseFiles>false</ParseFiles>
    </Filter>
    <Filter Include="Form Files">
      <UniqueIdentifier>{99349809-55BA-4b9d-BF79-8FDBB0286EB3}</UniqueIdentifier>
      <Extensions>ui</Extensions>
      <ParseFiles>false</ParseFiles>
    </Filter>
    <Filter Include="Generated Files">
      <UniqueIdentifier>{71ED8ED8-ACB9-4CE9-BBE1-E00B30144E11}</UniqueIdentifier>
      <Extensions>cpp;c;cxx;moc;h;def;odl;idl;res;</Extensions>
    </Filter>
    <Filter Include="Generated Files">
      <UniqueIdentifier>{71ED8ED8-ACB9-4CE9-BBE1-E00B30144E11}</UniqueIdentifier>
      <Extensions>cpp;c;cxx;moc;h;def;odl;idl;res;</Extensions>
    </Filter>
    <Filter Include="Header Files">
      <UniqueIdentifier>{93995380-89BD-4b04-88EB-625FBE52EBFB}</UniqueIdentifier>
      <Extensions>h;hpp;hxx;hm;inl;inc;xsd</Extensions>
    </Filter>
    <Filter Include="Header Files">
      <UniqueIdentifier>{93995380-89BD-4b04-88EB-625FBE52EBFB}</UniqueIdentifier>
      <Extensions>h;hpp;hxx;hm;inl;inc;xsd</Extensions>
    </Filter>
    <Filter Include="Resource Files">
      <UniqueIdentifier>{D9D6E242-F8AF-46E4-B9FD-80ECBC20BA3E}</UniqueIdentifier>
      <Extensions>qrc;*</Extensions>
      <ParseFiles>false</ParseFiles>
    </Filter>
    <Filter Include="Resource Files">
      <UniqueIdentifier>{D9D6E242-F8AF-46E4-B9FD-80ECBC20BA3E}</UniqueIdentifier>
      <Extensions>qrc;*</Extensions>
      <ParseFiles>false</ParseFiles>
    </Filter>
    <Filter Include="Source Files">
      <UniqueIdentifier>{4FC737F1-C7A5-4376-A066-2A32D752A2FF}</UniqueIdentifier>
      <Extensions>cpp;c;cxx;def;odl;idl;hpj;bat;asm;asmx</Extensions>
    </Filter>
    <Filter Include="Source Files">
      <UniqueIdentifier>{4FC737F1-C7A5-4376-A066-2A32D752A2FF}</UniqueIdentifier>
      <Extensions>cpp;c;cxx;def;odl;idl;hpj;bat;asm;asmx</Extensions>
    </Filter>
  </ItemGroup>
  <ItemGroup>
    <ClCompile Include="opencv\BrightnessContrastForm.cpp">
      <Filter>Source Files</Filter>
    </ClCompile>
    <ClCompile Include="CGlobal.cpp">
      <Filter>Source Files</Filter>
    </ClCompile>
    <ClCompile Include="scene\CustomGraphicsItem.cpp">
      <Filter>Source Files</Filter>
    </ClCompile>
    <ClCompile Include="scene\CustomGraphicsScene.cpp">
      <Filter>Source Files</Filter>
    </ClCompile>
    <ClCompile Include="scene\CustomGraphicsView.cpp">
      <Filter>Source Files</Filter>
    </ClCompile>
    <ClCompile Include="opencv\ImageCroppingForm.cpp">
      <Filter>Source Files</Filter>
    </ClCompile>
    <ClCompile Include="opencv\ImageRotationForm.cpp">
      <Filter>Source Files</Filter>
    </ClCompile>
    <ClCompile Include="MainWindow.cpp">
      <Filter>Source Files</Filter>
    </ClCompile>
    <ClCompile Include="opencv\OpencvConvertFun.cpp">
      <Filter>Source Files</Filter>
    </ClCompile>
    <ClCompile Include="SDockWidget.cpp">
      <Filter>Source Files</Filter>
    </ClCompile>
    <ClCompile Include="scene\WaterDrop.cpp">
      <Filter>Source Files</Filter>
    </ClCompile>
    <ClCompile Include="main.cpp">
      <Filter>Source Files</Filter>
    </ClCompile>
  </ItemGroup>
  <ItemGroup>
    <QtMoc Include="opencv\BrightnessContrastForm.h">
      <Filter>Header Files</Filter>
    </QtMoc>
    <ClInclude Include="CGlobal.h">
      <Filter>Header Files</Filter>
    </ClInclude>
    <ClInclude Include="scene\CustomGraphicsItem.h">
      <Filter>Header Files</Filter>
    </ClInclude>
    <QtMoc Include="scene\CustomGraphicsScene.h">
      <Filter>Header Files</Filter>
    </QtMoc>
    <QtMoc Include="scene\CustomGraphicsView.h">
      <Filter>Header Files</Filter>
    </QtMoc>
    <QtMoc Include="opencv\ImageCroppingForm.h">
      <Filter>Header Files</Filter>
    </QtMoc>
    <QtMoc Include="opencv\ImageRotationForm.h">
      <Filter>Header Files</Filter>
    </QtMoc>
    <QtMoc Include="MainWindow.h">
      <Filter>Header Files</Filter>
    </QtMoc>
    <ClInclude Include="opencv\OpencvConvertFun.h">
      <Filter>Header Files</Filter>
    </ClInclude>
    <QtMoc Include="SDockWidget.h">
      <Filter>Header Files</Filter>
    </QtMoc>
    <QtMoc Include="scene\WaterDrop.h">
      <Filter>Header Files</Filter>
    </QtMoc>
  </ItemGroup>
  <ItemGroup>
    
    
    
    
    
    
    
    
    
    
    
    
    
    
    
    
    <CustomBuild Include="debug\moc_predefs.h.cbt">
      <Filter>Generated Files</Filter>
    </CustomBuild>
    <CustomBuild Include="release\moc_predefs.h.cbt">
      <Filter>Generated Files</Filter>
    </CustomBuild>
    
    
    <ClInclude Include="ui_BrightnessContrastForm.h">
      <Filter>Generated Files</Filter>
    </ClInclude>
    <ClInclude Include="ui_ImageCroppingForm.h">
      <Filter>Generated Files</Filter>
    </ClInclude>
    <ClInclude Include="ui_ImageRotationForm.h">
      <Filter>Generated Files</Filter>
    </ClInclude>
    <ClInclude Include="ui_MainWindow.h">
      <Filter>Generated Files</Filter>
    </ClInclude>
  </ItemGroup>
  <ItemGroup>
    <QtUic Include="opencv\BrightnessContrastForm.ui">
      <Filter>Form Files</Filter>
    </QtUic>
    <QtUic Include="opencv\ImageCroppingForm.ui">
      <Filter>Form Files</Filter>
    </QtUic>
    <QtUic Include="opencv\ImageRotationForm.ui">
      <Filter>Form Files</Filter>
    </QtUic>
    <QtUic Include="MainWindow.ui">
      <Filter>Form Files</Filter>
    </QtUic>
  </ItemGroup>
  <ItemGroup>
    <None Include="icon\drag.png">
      <Filter>Resource Files</Filter>
    </None>
    <None Include="icon\drop.png">
      <Filter>Resource Files</Filter>
    </None>
    <None Include="icon\float.png">
      <Filter>Resource Files</Filter>
    </None>
    <None Include="icon\float_hover.png">
      <Filter>Resource Files</Filter>
    </None>
    <None Include="icon\hide.png">
      <Filter>Resource Files</Filter>
    </None>
    <None Include="icon\hide_hover.png">
      <Filter>Resource Files</Filter>
    </None>
    <None Include="icon\saveproject.png">
      <Filter>Resource Files</Filter>
    </None>
    <QtRcc Include="source.qrc">
      <Filter>Resource Files</Filter>
    </QtRcc>
    <None Include="icon\zoomIn.png">
      <Filter>Resource Files</Filter>
    </None>
    <None Include="icon\zoomOut.png">
      <Filter>Resource Files</Filter>
    </None>
  </ItemGroup>
</Project>